
Microsoft Visual Studio Solution File, Format Version 12.00
# Visual Studio 15
VisualStudioVersion = 15.0.28010.2046
MinimumVisualStudioVersion = 10.0.40219.1
Project("{FAE04EC0-301F-11D3-BF4B-00C04F79EFBC}") = "TfSharp", "TfSharp\TfSharp.csproj", "{D389C370-5D64-4082-B1B5-73825ED49D5C}"
EndProject
Global
	GlobalSection(SolutionConfigurationPlatforms) = preSolution
		Debug|Any CPU = Debug|Any CPU
		Release|Any CPU = Release|Any CPU
	EndGlobalSection
	GlobalSection(ProjectConfigurationPlatforms) = postSolution
		{D389C370-5D64-4082-B1B5-73825ED49D5C}.Debug|Any CPU.ActiveCfg = Debug|Any CPU
		{D389C370-5D64-4082-B1B5-73825ED49D5C}.Debug|Any CPU.Build.0 = Debug|Any CPU
		{D389C370-5D64-4082-B1B5-73825ED49D5C}.Release|Any CPU.ActiveCfg = Release|Any CPU
		{D389C370-5D64-4082-B1B5-73825ED49D5C}.Release|Any CPU.Build.0 = Release|Any CPU
	EndGlobalSection
	GlobalSection(SolutionProperties) = preSolution
		HideSolutionNode = FALSE
	EndGlobalSection
	GlobalSection(ExtensibilityGlobals) = postSolution
		SolutionGuid = {B92D579B-08E9-4CEC-ABC4-E7E52371AA07}
	EndGlobalSection
EndGlobal
